// !$*UTF8*$!
{
	archiveVersion = 1;
	classes = {
	};
	objectVersion = 50;
	objects = {

/* Begin PBXBuildFile section */
		D6337DA3212B80C100F376B7 /* GoogleBooksAuthorizationClient.swift in Sources */ = {isa = PBXBuildFile; fileRef = D6337DA2212B80C100F376B7 /* GoogleBooksAuthorizationClient.swift */; };
		D6337DA5212C3E0C00F376B7 /* AppAuth.framework in Embed Frameworks */ = {isa = PBXBuildFile; fileRef = D6EF0B82212B7C220093D738 /* AppAuth.framework */; settings = {ATTRIBUTES = (CodeSignOnCopy, RemoveHeadersOnCopy, ); }; };
		D6337DA7212C3E0C00F376B7 /* GTMAppAuth.framework in Embed Frameworks */ = {isa = PBXBuildFile; fileRef = D6EF0B83212B7C220093D738 /* GTMAppAuth.framework */; settings = {ATTRIBUTES = (CodeSignOnCopy, RemoveHeadersOnCopy, ); }; };
		D6337DA9212C3E0D00F376B7 /* GTMSessionFetcher.framework in Embed Frameworks */ = {isa = PBXBuildFile; fileRef = D6EF0B84212B7C220093D738 /* GTMSessionFetcher.framework */; settings = {ATTRIBUTES = (CodeSignOnCopy, RemoveHeadersOnCopy, ); }; };
		D6337DAF212C43DE00F376B7 /* VolumeRepresentation.swift in Sources */ = {isa = PBXBuildFile; fileRef = D6337DAE212C43DE00F376B7 /* VolumeRepresentation.swift */; };
		D6337DB5212C4EBF00F376B7 /* Bookshelves.xcdatamodeld in Sources */ = {isa = PBXBuildFile; fileRef = D6337DB3212C4EBF00F376B7 /* Bookshelves.xcdatamodeld */; };
		D6337DB7212C5EC200F376B7 /* CoreDataStack.swift in Sources */ = {isa = PBXBuildFile; fileRef = D6337DB6212C5EC200F376B7 /* CoreDataStack.swift */; };
		D6337DB9212C5F2C00F376B7 /* Volume+Convenience.swift in Sources */ = {isa = PBXBuildFile; fileRef = D6337DB8212C5F2C00F376B7 /* Volume+Convenience.swift */; };
		D6337DBD212C798600F376B7 /* Bookshelves.storyboard in Resources */ = {isa = PBXBuildFile; fileRef = D6337DBC212C798600F376B7 /* Bookshelves.storyboard */; };
		D6337DBF212C798F00F376B7 /* Search.storyboard in Resources */ = {isa = PBXBuildFile; fileRef = D6337DBE212C798F00F376B7 /* Search.storyboard */; };
		D6337DC1212C7DC900F376B7 /* VolumeDetails.storyboard in Resources */ = {isa = PBXBuildFile; fileRef = D6337DC0212C7DC900F376B7 /* VolumeDetails.storyboard */; };
		D6337DC3212C832100F376B7 /* EditShelves.storyboard in Resources */ = {isa = PBXBuildFile; fileRef = D6337DC2212C832100F376B7 /* EditShelves.storyboard */; };
		D6337DC7212C87DE00F376B7 /* VolumeController.swift in Sources */ = {isa = PBXBuildFile; fileRef = D6337DC6212C87DE00F376B7 /* VolumeController.swift */; };
		D6337DC9212C914800F376B7 /* Bookshelf+Convenience.swift in Sources */ = {isa = PBXBuildFile; fileRef = D6337DC8212C914800F376B7 /* Bookshelf+Convenience.swift */; };
		D6337DCC212C922C00F376B7 /* BookshelfRepresentation.swift in Sources */ = {isa = PBXBuildFile; fileRef = D6337DCB212C922C00F376B7 /* BookshelfRepresentation.swift */; };
		D6337DCE212C92E800F376B7 /* BookshelfController.swift in Sources */ = {isa = PBXBuildFile; fileRef = D6337DCD212C92E800F376B7 /* BookshelfController.swift */; };
		D6337DD2212C9CA200F376B7 /* BookshelvesTableViewController.swift in Sources */ = {isa = PBXBuildFile; fileRef = D6337DD1212C9CA200F376B7 /* BookshelvesTableViewController.swift */; };
		D6337DD4212C9E7500F376B7 /* OnboardingViewController.swift in Sources */ = {isa = PBXBuildFile; fileRef = D6337DD3212C9E7500F376B7 /* OnboardingViewController.swift */; };
		D6337DD6212CA8FA00F376B7 /* Onboarding.storyboard in Resources */ = {isa = PBXBuildFile; fileRef = D6337DD5212CA8FA00F376B7 /* Onboarding.storyboard */; };
		D6337DDA212CB85300F376B7 /* BookshelfCollectionViewController.swift in Sources */ = {isa = PBXBuildFile; fileRef = D6337DD9212CB85300F376B7 /* BookshelfCollectionViewController.swift */; };
		D6337DDC212CB89200F376B7 /* VolumeDetailViewController.swift in Sources */ = {isa = PBXBuildFile; fileRef = D6337DDB212CB89200F376B7 /* VolumeDetailViewController.swift */; };
		D6337DDF212CBC3300F376B7 /* SearchTableViewController.swift in Sources */ = {isa = PBXBuildFile; fileRef = D6337DDE212CBC3300F376B7 /* SearchTableViewController.swift */; };
		D6337DE1212CBED200F376B7 /* EditShelvesTableViewController.swift in Sources */ = {isa = PBXBuildFile; fileRef = D6337DE0212CBED200F376B7 /* EditShelvesTableViewController.swift */; };
		D6337DE3212CBF0A00F376B7 /* VolumeCollectionViewCell.swift in Sources */ = {isa = PBXBuildFile; fileRef = D6337DE2212CBF0A00F376B7 /* VolumeCollectionViewCell.swift */; };
		D6337DE8212EDF3000F376B7 /* VolumeReviewViewController.swift in Sources */ = {isa = PBXBuildFile; fileRef = D6337DE7212EDF3000F376B7 /* VolumeReviewViewController.swift */; };
		D6337DEA212EDF7400F376B7 /* VolumeReview.storyboard in Resources */ = {isa = PBXBuildFile; fileRef = D6337DE9212EDF7400F376B7 /* VolumeReview.storyboard */; };
		D6989E09212B7527004D3DDD /* AppDelegate.swift in Sources */ = {isa = PBXBuildFile; fileRef = D6989E08212B7527004D3DDD /* AppDelegate.swift */; };
		D6989E0E212B7527004D3DDD /* TabBar.storyboard in Resources */ = {isa = PBXBuildFile; fileRef = D6989E0C212B7527004D3DDD /* TabBar.storyboard */; };
		D6989E10212B7529004D3DDD /* Assets.xcassets in Resources */ = {isa = PBXBuildFile; fileRef = D6989E0F212B7529004D3DDD /* Assets.xcassets */; };
		D6989E13212B7529004D3DDD /* LaunchScreen.storyboard in Resources */ = {isa = PBXBuildFile; fileRef = D6989E11212B7529004D3DDD /* LaunchScreen.storyboard */; };
/* End PBXBuildFile section */

/* Begin PBXCopyFilesBuildPhase section */
		D6989E27212B75CF004D3DDD /* Embed Frameworks */ = {
			isa = PBXCopyFilesBuildPhase;
			buildActionMask = 2147483647;
			dstPath = "";
			dstSubfolderSpec = 10;
			files = (
				D6337DA5212C3E0C00F376B7 /* AppAuth.framework in Embed Frameworks */,
				D6337DA9212C3E0D00F376B7 /* GTMSessionFetcher.framework in Embed Frameworks */,
				D6337DA7212C3E0C00F376B7 /* GTMAppAuth.framework in Embed Frameworks */,
			);
			name = "Embed Frameworks";
			runOnlyForDeploymentPostprocessing = 0;
		};
/* End PBXCopyFilesBuildPhase section */

/* Begin PBXFileReference section */
		D6337DA2212B80C100F376B7 /* GoogleBooksAuthorizationClient.swift */ = {isa = PBXFileReference; fileEncoding = 4; lastKnownFileType = sourcecode.swift; path = GoogleBooksAuthorizationClient.swift; sourceTree = "<group>"; };
		D6337DAE212C43DE00F376B7 /* VolumeRepresentation.swift */ = {isa = PBXFileReference; lastKnownFileType = sourcecode.swift; path = VolumeRepresentation.swift; sourceTree = "<group>"; };
		D6337DB4212C4EBF00F376B7 /* Bookshelves.xcdatamodel */ = {isa = PBXFileReference; lastKnownFileType = wrapper.xcdatamodel; path = Bookshelves.xcdatamodel; sourceTree = "<group>"; };
		D6337DB6212C5EC200F376B7 /* CoreDataStack.swift */ = {isa = PBXFileReference; lastKnownFileType = sourcecode.swift; path = CoreDataStack.swift; sourceTree = "<group>"; };
		D6337DB8212C5F2C00F376B7 /* Volume+Convenience.swift */ = {isa = PBXFileReference; lastKnownFileType = sourcecode.swift; path = "Volume+Convenience.swift"; sourceTree = "<group>"; };
		D6337DBC212C798600F376B7 /* Bookshelves.storyboard */ = {isa = PBXFileReference; lastKnownFileType = file.storyboard; path = Bookshelves.storyboard; sourceTree = "<group>"; };
		D6337DBE212C798F00F376B7 /* Search.storyboard */ = {isa = PBXFileReference; lastKnownFileType = file.storyboard; path = Search.storyboard; sourceTree = "<group>"; };
		D6337DC0212C7DC900F376B7 /* VolumeDetails.storyboard */ = {isa = PBXFileReference; lastKnownFileType = file.storyboard; path = VolumeDetails.storyboard; sourceTree = "<group>"; };
		D6337DC2212C832100F376B7 /* EditShelves.storyboard */ = {isa = PBXFileReference; lastKnownFileType = file.storyboard; path = EditShelves.storyboard; sourceTree = "<group>"; };
		D6337DC6212C87DE00F376B7 /* VolumeController.swift */ = {isa = PBXFileReference; lastKnownFileType = sourcecode.swift; path = VolumeController.swift; sourceTree = "<group>"; };
		D6337DC8212C914800F376B7 /* Bookshelf+Convenience.swift */ = {isa = PBXFileReference; lastKnownFileType = sourcecode.swift; path = "Bookshelf+Convenience.swift"; sourceTree = "<group>"; };
		D6337DCB212C922C00F376B7 /* BookshelfRepresentation.swift */ = {isa = PBXFileReference; lastKnownFileType = sourcecode.swift; path = BookshelfRepresentation.swift; sourceTree = "<group>"; };
		D6337DCD212C92E800F376B7 /* BookshelfController.swift */ = {isa = PBXFileReference; lastKnownFileType = sourcecode.swift; path = BookshelfController.swift; sourceTree = "<group>"; };
		D6337DD1212C9CA200F376B7 /* BookshelvesTableViewController.swift */ = {isa = PBXFileReference; lastKnownFileType = sourcecode.swift; path = BookshelvesTableViewController.swift; sourceTree = "<group>"; };
		D6337DD3212C9E7500F376B7 /* OnboardingViewController.swift */ = {isa = PBXFileReference; lastKnownFileType = sourcecode.swift; path = OnboardingViewController.swift; sourceTree = "<group>"; };
		D6337DD5212CA8FA00F376B7 /* Onboarding.storyboard */ = {isa = PBXFileReference; lastKnownFileType = file.storyboard; path = Onboarding.storyboard; sourceTree = "<group>"; };
		D6337DD9212CB85300F376B7 /* BookshelfCollectionViewController.swift */ = {isa = PBXFileReference; lastKnownFileType = sourcecode.swift; path = BookshelfCollectionViewController.swift; sourceTree = "<group>"; };
		D6337DDB212CB89200F376B7 /* VolumeDetailViewController.swift */ = {isa = PBXFileReference; lastKnownFileType = sourcecode.swift; path = VolumeDetailViewController.swift; sourceTree = "<group>"; };
		D6337DDE212CBC3300F376B7 /* SearchTableViewController.swift */ = {isa = PBXFileReference; lastKnownFileType = sourcecode.swift; path = SearchTableViewController.swift; sourceTree = "<group>"; };
		D6337DE0212CBED200F376B7 /* EditShelvesTableViewController.swift */ = {isa = PBXFileReference; lastKnownFileType = sourcecode.swift; path = EditShelvesTableViewController.swift; sourceTree = "<group>"; };
		D6337DE2212CBF0A00F376B7 /* VolumeCollectionViewCell.swift */ = {isa = PBXFileReference; lastKnownFileType = sourcecode.swift; path = VolumeCollectionViewCell.swift; sourceTree = "<group>"; };
		D6337DE7212EDF3000F376B7 /* VolumeReviewViewController.swift */ = {isa = PBXFileReference; lastKnownFileType = sourcecode.swift; path = VolumeReviewViewController.swift; sourceTree = "<group>"; };
		D6337DE9212EDF7400F376B7 /* VolumeReview.storyboard */ = {isa = PBXFileReference; lastKnownFileType = file.storyboard; path = VolumeReview.storyboard; sourceTree = "<group>"; };
		D6989E05212B7527004D3DDD /* Bookshelves.app */ = {isa = PBXFileReference; explicitFileType = wrapper.application; includeInIndex = 0; path = Bookshelves.app; sourceTree = BUILT_PRODUCTS_DIR; };
		D6989E08212B7527004D3DDD /* AppDelegate.swift */ = {isa = PBXFileReference; lastKnownFileType = sourcecode.swift; path = AppDelegate.swift; sourceTree = "<group>"; };
		D6989E0D212B7527004D3DDD /* Base */ = {isa = PBXFileReference; lastKnownFileType = file.storyboard; name = Base; path = Base.lproj/TabBar.storyboard; sourceTree = "<group>"; };
		D6989E0F212B7529004D3DDD /* Assets.xcassets */ = {isa = PBXFileReference; lastKnownFileType = folder.assetcatalog; path = Assets.xcassets; sourceTree = "<group>"; };
		D6989E12212B7529004D3DDD /* Base */ = {isa = PBXFileReference; lastKnownFileType = file.storyboard; name = Base; path = Base.lproj/LaunchScreen.storyboard; sourceTree = "<group>"; };
		D6989E14212B7529004D3DDD /* Info.plist */ = {isa = PBXFileReference; lastKnownFileType = text.plist.xml; path = Info.plist; sourceTree = "<group>"; };
		D6EF0B82212B7C220093D738 /* AppAuth.framework */ = {isa = PBXFileReference; lastKnownFileType = wrapper.framework; name = AppAuth.framework; path = Bookshelves/AppAuth.framework; sourceTree = SOURCE_ROOT; };
		D6EF0B83212B7C220093D738 /* GTMAppAuth.framework */ = {isa = PBXFileReference; lastKnownFileType = wrapper.framework; name = GTMAppAuth.framework; path = Bookshelves/GTMAppAuth.framework; sourceTree = SOURCE_ROOT; };
		D6EF0B84212B7C220093D738 /* GTMSessionFetcher.framework */ = {isa = PBXFileReference; lastKnownFileType = wrapper.framework; name = GTMSessionFetcher.framework; path = Bookshelves/GTMSessionFetcher.framework; sourceTree = SOURCE_ROOT; };
/* End PBXFileReference section */

/* Begin PBXFrameworksBuildPhase section */
		D6989E02212B7527004D3DDD /* Frameworks */ = {
			isa = PBXFrameworksBuildPhase;
			buildActionMask = 2147483647;
			files = (
			);
			runOnlyForDeploymentPostprocessing = 0;
		};
/* End PBXFrameworksBuildPhase section */

/* Begin PBXGroup section */
		D6337DAA212C405F00F376B7 /* Core Data */ = {
			isa = PBXGroup;
			children = (
				D6337DB6212C5EC200F376B7 /* CoreDataStack.swift */,
				D6337DB3212C4EBF00F376B7 /* Bookshelves.xcdatamodeld */,
				D6337DC8212C914800F376B7 /* Bookshelf+Convenience.swift */,
				D6337DB8212C5F2C00F376B7 /* Volume+Convenience.swift */,
			);
			path = "Core Data";
			sourceTree = "<group>";
		};
		D6337DB0212C4D5700F376B7 /* Authorization Client */ = {
			isa = PBXGroup;
			children = (
				D6337DA2212B80C100F376B7 /* GoogleBooksAuthorizationClient.swift */,
			);
			path = "Authorization Client";
			sourceTree = "<group>";
		};
		D6337DB1212C4D6A00F376B7 /* Storyboards */ = {
			isa = PBXGroup;
			children = (
				D6989E11212B7529004D3DDD /* LaunchScreen.storyboard */,
				D6337DD5212CA8FA00F376B7 /* Onboarding.storyboard */,
				D6989E0C212B7527004D3DDD /* TabBar.storyboard */,
				D6337DBC212C798600F376B7 /* Bookshelves.storyboard */,
				D6337DBE212C798F00F376B7 /* Search.storyboard */,
				D6337DC0212C7DC900F376B7 /* VolumeDetails.storyboard */,
				D6337DE9212EDF7400F376B7 /* VolumeReview.storyboard */,
				D6337DC2212C832100F376B7 /* EditShelves.storyboard */,
			);
			path = Storyboards;
			sourceTree = "<group>";
		};
		D6337DB2212C4DA900F376B7 /* VCs */ = {
			isa = PBXGroup;
			children = (
				D6337DD3212C9E7500F376B7 /* OnboardingViewController.swift */,
				D6337DD7212CB80800F376B7 /* Bookshelves */,
				D6337DE4212EDEDC00F376B7 /* Volume */,
				D6337DD8212CB81B00F376B7 /* Search */,
			);
			path = VCs;
			sourceTree = "<group>";
		};
		D6337DC5212C87BB00F376B7 /* Model Controllers */ = {
			isa = PBXGroup;
			children = (
				D6337DCD212C92E800F376B7 /* BookshelfController.swift */,
				D6337DC6212C87DE00F376B7 /* VolumeController.swift */,
			);
			path = "Model Controllers";
			sourceTree = "<group>";
		};
		D6337DCA212C91FC00F376B7 /* Model Representations */ = {
			isa = PBXGroup;
			children = (
				D6337DCB212C922C00F376B7 /* BookshelfRepresentation.swift */,
				D6337DAE212C43DE00F376B7 /* VolumeRepresentation.swift */,
			);
			path = "Model Representations";
			sourceTree = "<group>";
		};
		D6337DD7212CB80800F376B7 /* Bookshelves */ = {
			isa = PBXGroup;
			children = (
				D6337DD1212C9CA200F376B7 /* BookshelvesTableViewController.swift */,
				D6337DD9212CB85300F376B7 /* BookshelfCollectionViewController.swift */,
			);
			path = Bookshelves;
			sourceTree = "<group>";
		};
		D6337DD8212CB81B00F376B7 /* Search */ = {
			isa = PBXGroup;
			children = (
				D6337DDE212CBC3300F376B7 /* SearchTableViewController.swift */,
			);
			path = Search;
			sourceTree = "<group>";
		};
		D6337DDD212CB8BB00F376B7 /* Views */ = {
			isa = PBXGroup;
			children = (
				D6337DE2212CBF0A00F376B7 /* VolumeCollectionViewCell.swift */,
				D6337DE0212CBED200F376B7 /* EditShelvesTableViewController.swift */,
			);
			path = Views;
			sourceTree = "<group>";
		};
		D6337DE4212EDEDC00F376B7 /* Volume */ = {
			isa = PBXGroup;
			children = (
				D6337DDB212CB89200F376B7 /* VolumeDetailViewController.swift */,
				D6337DE7212EDF3000F376B7 /* VolumeReviewViewController.swift */,
			);
			path = Volume;
			sourceTree = "<group>";
		};
		D6989DFC212B7527004D3DDD = {
			isa = PBXGroup;
			children = (
				D6989E07212B7527004D3DDD /* Bookshelves */,
				D6989E06212B7527004D3DDD /* Products */,
			);
			sourceTree = "<group>";
		};
		D6989E06212B7527004D3DDD /* Products */ = {
			isa = PBXGroup;
			children = (
				D6989E05212B7527004D3DDD /* Bookshelves.app */,
			);
			name = Products;
			sourceTree = "<group>";
		};
		D6989E07212B7527004D3DDD /* Bookshelves */ = {
			isa = PBXGroup;
			children = (
				D6989E08212B7527004D3DDD /* AppDelegate.swift */,
				D6337DB0212C4D5700F376B7 /* Authorization Client */,
				D6337DAA212C405F00F376B7 /* Core Data */,
				D6337DCA212C91FC00F376B7 /* Model Representations */,
				D6337DC5212C87BB00F376B7 /* Model Controllers */,
				D6337DB2212C4DA900F376B7 /* VCs */,
				D6337DDD212CB8BB00F376B7 /* Views */,
				D6337DB1212C4D6A00F376B7 /* Storyboards */,
				D6989E0F212B7529004D3DDD /* Assets.xcassets */,
				D6989E14212B7529004D3DDD /* Info.plist */,
				D6989E1A212B75A3004D3DDD /* Frameworks */,
			);
			path = Bookshelves;
			sourceTree = "<group>";
		};
		D6989E1A212B75A3004D3DDD /* Frameworks */ = {
			isa = PBXGroup;
			children = (
				D6EF0B82212B7C220093D738 /* AppAuth.framework */,
				D6EF0B83212B7C220093D738 /* GTMAppAuth.framework */,
				D6EF0B84212B7C220093D738 /* GTMSessionFetcher.framework */,
			);
			path = Frameworks;
			sourceTree = "<group>";
		};
/* End PBXGroup section */

/* Begin PBXNativeTarget section */
		D6989E04212B7527004D3DDD /* Bookshelves */ = {
			isa = PBXNativeTarget;
			buildConfigurationList = D6989E17212B7529004D3DDD /* Build configuration list for PBXNativeTarget "Bookshelves" */;
			buildPhases = (
				D6989E01212B7527004D3DDD /* Sources */,
				D6989E02212B7527004D3DDD /* Frameworks */,
				D6989E03212B7527004D3DDD /* Resources */,
				D6989E27212B75CF004D3DDD /* Embed Frameworks */,
			);
			buildRules = (
			);
			dependencies = (
			);
			name = Bookshelves;
			productName = Bookshelves;
			productReference = D6989E05212B7527004D3DDD /* Bookshelves.app */;
			productType = "com.apple.product-type.application";
		};
/* End PBXNativeTarget section */

/* Begin PBXProject section */
		D6989DFD212B7527004D3DDD /* Project object */ = {
			isa = PBXProject;
			attributes = {
				LastSwiftUpdateCheck = 0940;
				LastUpgradeCheck = 0940;
				ORGANIZATIONNAME = "Samantha Gatt";
				TargetAttributes = {
					D6989E04212B7527004D3DDD = {
						CreatedOnToolsVersion = 9.4.1;
					};
				};
			};
			buildConfigurationList = D6989E00212B7527004D3DDD /* Build configuration list for PBXProject "Bookshelves" */;
			compatibilityVersion = "Xcode 9.3";
			developmentRegion = en;
			hasScannedForEncodings = 0;
			knownRegions = (
				en,
				Base,
			);
			mainGroup = D6989DFC212B7527004D3DDD;
			productRefGroup = D6989E06212B7527004D3DDD /* Products */;
			projectDirPath = "";
			projectRoot = "";
			targets = (
				D6989E04212B7527004D3DDD /* Bookshelves */,
			);
		};
/* End PBXProject section */

/* Begin PBXResourcesBuildPhase section */
		D6989E03212B7527004D3DDD /* Resources */ = {
			isa = PBXResourcesBuildPhase;
			buildActionMask = 2147483647;
			files = (
				D6989E13212B7529004D3DDD /* LaunchScreen.storyboard in Resources */,
				D6337DC1212C7DC900F376B7 /* VolumeDetails.storyboard in Resources */,
				D6337DC3212C832100F376B7 /* EditShelves.storyboard in Resources */,
				D6989E10212B7529004D3DDD /* Assets.xcassets in Resources */,
				D6337DBD212C798600F376B7 /* Bookshelves.storyboard in Resources */,
				D6989E0E212B7527004D3DDD /* TabBar.storyboard in Resources */,
				D6337DBF212C798F00F376B7 /* Search.storyboard in Resources */,
				D6337DEA212EDF7400F376B7 /* VolumeReview.storyboard in Resources */,
				D6337DD6212CA8FA00F376B7 /* Onboarding.storyboard in Resources */,
			);
			runOnlyForDeploymentPostprocessing = 0;
		};
/* End PBXResourcesBuildPhase section */

/* Begin PBXSourcesBuildPhase section */
		D6989E01212B7527004D3DDD /* Sources */ = {
			isa = PBXSourcesBuildPhase;
			buildActionMask = 2147483647;
			files = (
				D6337DDA212CB85300F376B7 /* BookshelfCollectionViewController.swift in Sources */,
				D6337DD4212C9E7500F376B7 /* OnboardingViewController.swift in Sources */,
				D6337DE8212EDF3000F376B7 /* VolumeReviewViewController.swift in Sources */,
				D6337DA3212B80C100F376B7 /* GoogleBooksAuthorizationClient.swift in Sources */,
				D6337DCE212C92E800F376B7 /* BookshelfController.swift in Sources */,
				D6337DB5212C4EBF00F376B7 /* Bookshelves.xcdatamodeld in Sources */,
				D6337DD2212C9CA200F376B7 /* BookshelvesTableViewController.swift in Sources */,
				D6337DE3212CBF0A00F376B7 /* VolumeCollectionViewCell.swift in Sources */,
				D6337DE1212CBED200F376B7 /* EditShelvesTableViewController.swift in Sources */,
				D6337DAF212C43DE00F376B7 /* VolumeRepresentation.swift in Sources */,
				D6337DDF212CBC3300F376B7 /* SearchTableViewController.swift in Sources */,
				D6337DCC212C922C00F376B7 /* BookshelfRepresentation.swift in Sources */,
				D6337DDC212CB89200F376B7 /* VolumeDetailViewController.swift in Sources */,
				D6337DC9212C914800F376B7 /* Bookshelf+Convenience.swift in Sources */,
				D6337DB7212C5EC200F376B7 /* CoreDataStack.swift in Sources */,
				D6989E09212B7527004D3DDD /* AppDelegate.swift in Sources */,
				D6337DC7212C87DE00F376B7 /* VolumeController.swift in Sources */,
				D6337DB9212C5F2C00F376B7 /* Volume+Convenience.swift in Sources */,
			);
			runOnlyForDeploymentPostprocessing = 0;
		};
/* End PBXSourcesBuildPhase section */

/* Begin PBXVariantGroup section */
		D6989E0C212B7527004D3DDD /* TabBar.storyboard */ = {
			isa = PBXVariantGroup;
			children = (
				D6989E0D212B7527004D3DDD /* Base */,
			);
			name = TabBar.storyboard;
			sourceTree = "<group>";
		};
		D6989E11212B7529004D3DDD /* LaunchScreen.storyboard */ = {
			isa = PBXVariantGroup;
			children = (
				D6989E12212B7529004D3DDD /* Base */,
			);
			name = LaunchScreen.storyboard;
			sourceTree = "<group>";
		};
/* End PBXVariantGroup section */

/* Begin XCBuildConfiguration section */
		D6989E15212B7529004D3DDD /* Debug */ = {
			isa = XCBuildConfiguration;
			buildSettings = {
				ALWAYS_SEARCH_USER_PATHS = NO;
				CLANG_ANALYZER_NONNULL = YES;
				CLANG_ANALYZER_NUMBER_OBJECT_CONVERSION = YES_AGGRESSIVE;
				CLANG_CXX_LANGUAGE_STANDARD = "gnu++14";
				CLANG_CXX_LIBRARY = "libc++";
				CLANG_ENABLE_MODULES = YES;
				CLANG_ENABLE_OBJC_ARC = YES;
				CLANG_ENABLE_OBJC_WEAK = YES;
				CLANG_WARN_BLOCK_CAPTURE_AUTORELEASING = YES;
				CLANG_WARN_BOOL_CONVERSION = YES;
				CLANG_WARN_COMMA = YES;
				CLANG_WARN_CONSTANT_CONVERSION = YES;
				CLANG_WARN_DEPRECATED_OBJC_IMPLEMENTATIONS = YES;
				CLANG_WARN_DIRECT_OBJC_ISA_USAGE = YES_ERROR;
				CLANG_WARN_DOCUMENTATION_COMMENTS = YES;
				CLANG_WARN_EMPTY_BODY = YES;
				CLANG_WARN_ENUM_CONVERSION = YES;
				CLANG_WARN_INFINITE_RECURSION = YES;
				CLANG_WARN_INT_CONVERSION = YES;
				CLANG_WARN_NON_LITERAL_NULL_CONVERSION = YES;
				CLANG_WARN_OBJC_IMPLICIT_RETAIN_SELF = YES;
				CLANG_WARN_OBJC_LITERAL_CONVERSION = YES;
				CLANG_WARN_OBJC_ROOT_CLASS = YES_ERROR;
				CLANG_WARN_RANGE_LOOP_ANALYSIS = YES;
				CLANG_WARN_STRICT_PROTOTYPES = YES;
				CLANG_WARN_SUSPICIOUS_MOVE = YES;
				CLANG_WARN_UNGUARDED_AVAILABILITY = YES_AGGRESSIVE;
				CLANG_WARN_UNREACHABLE_CODE = YES;
				CLANG_WARN__DUPLICATE_METHOD_MATCH = YES;
				CODE_SIGN_IDENTITY = "iPhone Developer";
				COPY_PHASE_STRIP = NO;
				DEBUG_INFORMATION_FORMAT = dwarf;
				ENABLE_STRICT_OBJC_MSGSEND = YES;
				ENABLE_TESTABILITY = YES;
				FRAMEWORK_SEARCH_PATHS = "";
				GCC_C_LANGUAGE_STANDARD = gnu11;
				GCC_DYNAMIC_NO_PIC = NO;
				GCC_NO_COMMON_BLOCKS = YES;
				GCC_OPTIMIZATION_LEVEL = 0;
				GCC_PREPROCESSOR_DEFINITIONS = (
					"DEBUG=1",
					"$(inherited)",
				);
				GCC_WARN_64_TO_32_BIT_CONVERSION = YES;
				GCC_WARN_ABOUT_RETURN_TYPE = YES_ERROR;
				GCC_WARN_UNDECLARED_SELECTOR = YES;
				GCC_WARN_UNINITIALIZED_AUTOS = YES_AGGRESSIVE;
				GCC_WARN_UNUSED_FUNCTION = YES;
				GCC_WARN_UNUSED_VARIABLE = YES;
				IPHONEOS_DEPLOYMENT_TARGET = 11.4;
				MTL_ENABLE_DEBUG_INFO = YES;
				ONLY_ACTIVE_ARCH = YES;
				SDKROOT = iphoneos;
				SWIFT_ACTIVE_COMPILATION_CONDITIONS = DEBUG;
				SWIFT_OPTIMIZATION_LEVEL = "-Onone";
			};
			name = Debug;
		};
		D6989E16212B7529004D3DDD /* Release */ = {
			isa = XCBuildConfiguration;
			buildSettings = {
				ALWAYS_SEARCH_USER_PATHS = NO;
				CLANG_ANALYZER_NONNULL = YES;
				CLANG_ANALYZER_NUMBER_OBJECT_CONVERSION = YES_AGGRESSIVE;
				CLANG_CXX_LANGUAGE_STANDARD = "gnu++14";
				CLANG_CXX_LIBRARY = "libc++";
				CLANG_ENABLE_MODULES = YES;
				CLANG_ENABLE_OBJC_ARC = YES;
				CLANG_ENABLE_OBJC_WEAK = YES;
				CLANG_WARN_BLOCK_CAPTURE_AUTORELEASING = YES;
				CLANG_WARN_BOOL_CONVERSION = YES;
				CLANG_WARN_COMMA = YES;
				CLANG_WARN_CONSTANT_CONVERSION = YES;
				CLANG_WARN_DEPRECATED_OBJC_IMPLEMENTATIONS = YES;
				CLANG_WARN_DIRECT_OBJC_ISA_USAGE = YES_ERROR;
				CLANG_WARN_DOCUMENTATION_COMMENTS = YES;
				CLANG_WARN_EMPTY_BODY = YES;
				CLANG_WARN_ENUM_CONVERSION = YES;
				CLANG_WARN_INFINITE_RECURSION = YES;
				CLANG_WARN_INT_CONVERSION = YES;
				CLANG_WARN_NON_LITERAL_NULL_CONVERSION = YES;
				CLANG_WARN_OBJC_IMPLICIT_RETAIN_SELF = YES;
				CLANG_WARN_OBJC_LITERAL_CONVERSION = YES;
				CLANG_WARN_OBJC_ROOT_CLASS = YES_ERROR;
				CLANG_WARN_RANGE_LOOP_ANALYSIS = YES;
				CLANG_WARN_STRICT_PROTOTYPES = YES;
				CLANG_WARN_SUSPICIOUS_MOVE = YES;
				CLANG_WARN_UNGUARDED_AVAILABILITY = YES_AGGRESSIVE;
				CLANG_WARN_UNREACHABLE_CODE = YES;
				CLANG_WARN__DUPLICATE_METHOD_MATCH = YES;
				CODE_SIGN_IDENTITY = "iPhone Developer";
				COPY_PHASE_STRIP = NO;
				DEBUG_INFORMATION_FORMAT = "dwarf-with-dsym";
				ENABLE_NS_ASSERTIONS = NO;
				ENABLE_STRICT_OBJC_MSGSEND = YES;
				FRAMEWORK_SEARCH_PATHS = "";
				GCC_C_LANGUAGE_STANDARD = gnu11;
				GCC_NO_COMMON_BLOCKS = YES;
				GCC_WARN_64_TO_32_BIT_CONVERSION = YES;
				GCC_WARN_ABOUT_RETURN_TYPE = YES_ERROR;
				GCC_WARN_UNDECLARED_SELECTOR = YES;
				GCC_WARN_UNINITIALIZED_AUTOS = YES_AGGRESSIVE;
				GCC_WARN_UNUSED_FUNCTION = YES;
				GCC_WARN_UNUSED_VARIABLE = YES;
				IPHONEOS_DEPLOYMENT_TARGET = 11.4;
				MTL_ENABLE_DEBUG_INFO = NO;
				SDKROOT = iphoneos;
				SWIFT_COMPILATION_MODE = wholemodule;
				SWIFT_OPTIMIZATION_LEVEL = "-O";
				VALIDATE_PRODUCT = YES;
			};
			name = Release;
		};
		D6989E18212B7529004D3DDD /* Debug */ = {
			isa = XCBuildConfiguration;
			buildSettings = {
				ASSETCATALOG_COMPILER_APPICON_NAME = AppIcon;
				CODE_SIGN_IDENTITY = "iPhone Developer";
				CODE_SIGN_STYLE = Automatic;
				DEVELOPMENT_TEAM = 84AK8SAYG2;
				FRAMEWORK_SEARCH_PATHS = (
					"$(inherited)",
					"$(PROJECT_DIR)/Bookshelves",
				);
				INFOPLIST_FILE = Bookshelves/Info.plist;
				LD_RUNPATH_SEARCH_PATHS = (
					"$(inherited)",
					"@executable_path/Frameworks",
				);
				PRODUCT_BUNDLE_IDENTIFIER = com.SamanthaGatt.Bookshelves;
				PRODUCT_NAME = "$(TARGET_NAME)";
				PROVISIONING_PROFILE_SPECIFIER = "";
				SWIFT_VERSION = 4.0;
				TARGETED_DEVICE_FAMILY = "1,2";
			};
			name = Debug;
		};
		D6989E19212B7529004D3DDD /* Release */ = {
			isa = XCBuildConfiguration;
			buildSettings = {
				ASSETCATALOG_COMPILER_APPICON_NAME = AppIcon;
				CODE_SIGN_IDENTITY = "iPhone Developer";
				CODE_SIGN_STYLE = Automatic;
				DEVELOPMENT_TEAM = 84AK8SAYG2;
				FRAMEWORK_SEARCH_PATHS = (
					"$(inherited)",
					"$(PROJECT_DIR)/Bookshelves",
				);
				INFOPLIST_FILE = Bookshelves/Info.plist;
				LD_RUNPATH_SEARCH_PATHS = (
					"$(inherited)",
					"@executable_path/Frameworks",
				);
				PRODUCT_BUNDLE_IDENTIFIER = com.SamanthaGatt.Bookshelves;
				PRODUCT_NAME = "$(TARGET_NAME)";
				PROVISIONING_PROFILE_SPECIFIER = "";
				SWIFT_VERSION = 4.0;
				TARGETED_DEVICE_FAMILY = "1,2";
			};
			name = Release;
		};
/* End XCBuildConfiguration section */

/* Begin XCConfigurationList section */
		D6989E00212B7527004D3DDD /* Build configuration list for PBXProject "Bookshelves" */ = {
			isa = XCConfigurationList;
			buildConfigurations = (
				D6989E15212B7529004D3DDD /* Debug */,
				D6989E16212B7529004D3DDD /* Release */,
			);
			defaultConfigurationIsVisible = 0;
			defaultConfigurationName = Release;
		};
		D6989E17212B7529004D3DDD /* Build configuration list for PBXNativeTarget "Bookshelves" */ = {
			isa = XCConfigurationList;
			buildConfigurations = (
				D6989E18212B7529004D3DDD /* Debug */,
				D6989E19212B7529004D3DDD /* Release */,
			);
			defaultConfigurationIsVisible = 0;
			defaultConfigurationName = Release;
		};
/* End XCConfigurationList section */

/* Begin XCVersionGroup section */
		D6337DB3212C4EBF00F376B7 /* Bookshelves.xcdatamodeld */ = {
			isa = XCVersionGroup;
			children = (
				D6337DB4212C4EBF00F376B7 /* Bookshelves.xcdatamodel */,
			);
			currentVersion = D6337DB4212C4EBF00F376B7 /* Bookshelves.xcdatamodel */;
			path = Bookshelves.xcdatamodeld;
			sourceTree = "<group>";
			versionGroupType = wrapper.xcdatamodel;
		};
/* End XCVersionGroup section */
	};
	rootObject = D6989DFD212B7527004D3DDD /* Project object */;
}
